// !$*UTF8*$!
{
	archiveVersion = 1;
	classes = {
	};
	objectVersion = 55;
	objects = {

/* Begin PBXBuildFile section */
		0B6986B070F524F029D06BBC /* Pods_DLibrary.framework in Frameworks */ = {isa = PBXBuildFile; fileRef = DD814CBCFB89386B43B311FD /* Pods_DLibrary.framework */; };
		49F0AD016F6E0DC847400E65 /* Pods_DLibrary_DLibraryUITests.framework in Frameworks */ = {isa = PBXBuildFile; fileRef = FB8E587552EAA3FFB3772E1D /* Pods_DLibrary_DLibraryUITests.framework */; };
		4BDF6FE9FF5B74BE56098678 /* Pods_DLibraryTests.framework in Frameworks */ = {isa = PBXBuildFile; fileRef = 13F4BBAF6992B5EA275D6634 /* Pods_DLibraryTests.framework */; };
		D111DF7D28E1520700AFD8AE /* AlamofireImage in Frameworks */ = {isa = PBXBuildFile; productRef = D111DF7C28E1520700AFD8AE /* AlamofireImage */; };
		D11D53AE28CD56B1009162B1 /* AppDelegate.swift in Sources */ = {isa = PBXBuildFile; fileRef = D11D53AD28CD56B1009162B1 /* AppDelegate.swift */; };
		D11D53B028CD56B1009162B1 /* SceneDelegate.swift in Sources */ = {isa = PBXBuildFile; fileRef = D11D53AF28CD56B1009162B1 /* SceneDelegate.swift */; };
		D11D53B228CD56B1009162B1 /* HomeViewController.swift in Sources */ = {isa = PBXBuildFile; fileRef = D11D53B128CD56B1009162B1 /* HomeViewController.swift */; };
		D11D53B528CD56B1009162B1 /* Main.storyboard in Resources */ = {isa = PBXBuildFile; fileRef = D11D53B328CD56B1009162B1 /* Main.storyboard */; };
		D11D53B828CD56B1009162B1 /* DLibrary.xcdatamodeld in Sources */ = {isa = PBXBuildFile; fileRef = D11D53B628CD56B1009162B1 /* DLibrary.xcdatamodeld */; };
		D11D53BA28CD56B8009162B1 /* Assets.xcassets in Resources */ = {isa = PBXBuildFile; fileRef = D11D53B928CD56B8009162B1 /* Assets.xcassets */; };
		D11D53BD28CD56B8009162B1 /* LaunchScreen.storyboard in Resources */ = {isa = PBXBuildFile; fileRef = D11D53BB28CD56B8009162B1 /* LaunchScreen.storyboard */; };
		D11D53C828CD56B9009162B1 /* DLibraryTests.swift in Sources */ = {isa = PBXBuildFile; fileRef = D11D53C728CD56B9009162B1 /* DLibraryTests.swift */; };
		D11D53D228CD56B9009162B1 /* DLibraryUITests.swift in Sources */ = {isa = PBXBuildFile; fileRef = D11D53D128CD56B9009162B1 /* DLibraryUITests.swift */; };
		D11D53D428CD56B9009162B1 /* DLibraryUITestsLaunchTests.swift in Sources */ = {isa = PBXBuildFile; fileRef = D11D53D328CD56B9009162B1 /* DLibraryUITestsLaunchTests.swift */; };
		D11D53E628CD6212009162B1 /* UICornerableView.swift in Sources */ = {isa = PBXBuildFile; fileRef = D11D53E528CD6212009162B1 /* UICornerableView.swift */; };
		D13D2BDD28DF387F00EBE03F /* UICornerableButton.swift in Sources */ = {isa = PBXBuildFile; fileRef = D13D2BDC28DF387F00EBE03F /* UICornerableButton.swift */; };
		D15AE3EB28DF6913006FC18B /* SearchBooksViewController.swift in Sources */ = {isa = PBXBuildFile; fileRef = D15AE3EA28DF6913006FC18B /* SearchBooksViewController.swift */; };
		D15AE3ED28DF76E1006FC18B /* GoogleBooksProvider.swift in Sources */ = {isa = PBXBuildFile; fileRef = D15AE3EC28DF76E0006FC18B /* GoogleBooksProvider.swift */; };
		D15AE3EF28DF9285006FC18B /* Book.swift in Sources */ = {isa = PBXBuildFile; fileRef = D15AE3EE28DF9285006FC18B /* Book.swift */; };
		D15AE3F228E145B8006FC18B /* SearchBooksTableViewCell.swift in Sources */ = {isa = PBXBuildFile; fileRef = D15AE3F128E145B8006FC18B /* SearchBooksTableViewCell.swift */; };
		D1830D6B28EA39BC00AD692E /* RegisterViewController.swift in Sources */ = {isa = PBXBuildFile; fileRef = D1830D6A28EA39BC00AD692E /* RegisterViewController.swift */; };
		D190649D2903C5CC000EB540 /* iOSDropDown in Frameworks */ = {isa = PBXBuildFile; productRef = D190649C2903C5CC000EB540 /* iOSDropDown */; };
		D190649F2903C742000EB540 /* DropDown.swift in Sources */ = {isa = PBXBuildFile; fileRef = D190649E2903C742000EB540 /* DropDown.swift */; };
		D197C89F28F7AFB7008D7A42 /* MyBooksViewController.swift in Sources */ = {isa = PBXBuildFile; fileRef = D197C89E28F7AFB7008D7A42 /* MyBooksViewController.swift */; };
		D197C8A128F7B00D008D7A42 /* RegisterNewBookViewController.swift in Sources */ = {isa = PBXBuildFile; fileRef = D197C8A028F7B00D008D7A42 /* RegisterNewBookViewController.swift */; };
		D1A4561628FBD7060036D37E /* DataSnapshotExtension.swift in Sources */ = {isa = PBXBuildFile; fileRef = D1A4561528FBD7060036D37E /* DataSnapshotExtension.swift */; };
		D1C0868728F28C12005CBF92 /* DLibraryManager.swift in Sources */ = {isa = PBXBuildFile; fileRef = D1C0868628F28C12005CBF92 /* DLibraryManager.swift */; };
		D1DA66FD28E907280096E6DF /* UICornerableTextView.swift in Sources */ = {isa = PBXBuildFile; fileRef = D1DA66FC28E907280096E6DF /* UICornerableTextView.swift */; };
		D1DA66FF28E90EA20096E6DF /* DescriptionBookViewController.swift in Sources */ = {isa = PBXBuildFile; fileRef = D1DA66FE28E90EA20096E6DF /* DescriptionBookViewController.swift */; };
		D1DA670328EA14330096E6DF /* GoogleService-Info.plist in Resources */ = {isa = PBXBuildFile; fileRef = D1DA670228EA14330096E6DF /* GoogleService-Info.plist */; };
		D1DA671228EA21770096E6DF /* FirebaseAuth in Frameworks */ = {isa = PBXBuildFile; productRef = D1DA671128EA21770096E6DF /* FirebaseAuth */; };
		D1DA671428EA21770096E6DF /* FirebaseAuthCombine-Community in Frameworks */ = {isa = PBXBuildFile; productRef = D1DA671328EA21770096E6DF /* FirebaseAuthCombine-Community */; };
		D1DA671628EA21770096E6DF /* FirebaseDatabase in Frameworks */ = {isa = PBXBuildFile; productRef = D1DA671528EA21770096E6DF /* FirebaseDatabase */; };
		D1DA671828EA21770096E6DF /* FirebaseDatabaseSwift in Frameworks */ = {isa = PBXBuildFile; productRef = D1DA671728EA21770096E6DF /* FirebaseDatabaseSwift */; };
		D1DA671A28EA21770096E6DF /* FirebaseStorage in Frameworks */ = {isa = PBXBuildFile; productRef = D1DA671928EA21770096E6DF /* FirebaseStorage */; };
		D1DA671C28EA21770096E6DF /* FirebaseStorageCombine-Community in Frameworks */ = {isa = PBXBuildFile; productRef = D1DA671B28EA21770096E6DF /* FirebaseStorageCombine-Community */; };
		D1DA671E28EA2E670096E6DF /* LoginViewController.swift in Sources */ = {isa = PBXBuildFile; fileRef = D1DA671D28EA2E660096E6DF /* LoginViewController.swift */; };
/* End PBXBuildFile section */

/* Begin PBXContainerItemProxy section */
		D11D53C428CD56B9009162B1 /* PBXContainerItemProxy */ = {
			isa = PBXContainerItemProxy;
			containerPortal = D11D53A228CD56B1009162B1 /* Project object */;
			proxyType = 1;
			remoteGlobalIDString = D11D53A928CD56B1009162B1;
			remoteInfo = DLibrary;
		};
		D11D53CE28CD56B9009162B1 /* PBXContainerItemProxy */ = {
			isa = PBXContainerItemProxy;
			containerPortal = D11D53A228CD56B1009162B1 /* Project object */;
			proxyType = 1;
			remoteGlobalIDString = D11D53A928CD56B1009162B1;
			remoteInfo = DLibrary;
		};
/* End PBXContainerItemProxy section */

/* Begin PBXFileReference section */
		13F4BBAF6992B5EA275D6634 /* Pods_DLibraryTests.framework */ = {isa = PBXFileReference; explicitFileType = wrapper.framework; includeInIndex = 0; path = Pods_DLibraryTests.framework; sourceTree = BUILT_PRODUCTS_DIR; };
		2B01E8B0F709B1DD20B4F470 /* Pods-DLibraryTests.release.xcconfig */ = {isa = PBXFileReference; includeInIndex = 1; lastKnownFileType = text.xcconfig; name = "Pods-DLibraryTests.release.xcconfig"; path = "Target Support Files/Pods-DLibraryTests/Pods-DLibraryTests.release.xcconfig"; sourceTree = "<group>"; };
		A44F3A76690693703774275E /* Pods-DLibrary-DLibraryUITests.debug.xcconfig */ = {isa = PBXFileReference; includeInIndex = 1; lastKnownFileType = text.xcconfig; name = "Pods-DLibrary-DLibraryUITests.debug.xcconfig"; path = "Target Support Files/Pods-DLibrary-DLibraryUITests/Pods-DLibrary-DLibraryUITests.debug.xcconfig"; sourceTree = "<group>"; };
		C5E8308A6FE4C20CB2B6D075 /* Pods-DLibrary.debug.xcconfig */ = {isa = PBXFileReference; includeInIndex = 1; lastKnownFileType = text.xcconfig; name = "Pods-DLibrary.debug.xcconfig"; path = "Target Support Files/Pods-DLibrary/Pods-DLibrary.debug.xcconfig"; sourceTree = "<group>"; };
		CE03B72B0ABA42E54FBC3F56 /* Pods-DLibrary.release.xcconfig */ = {isa = PBXFileReference; includeInIndex = 1; lastKnownFileType = text.xcconfig; name = "Pods-DLibrary.release.xcconfig"; path = "Target Support Files/Pods-DLibrary/Pods-DLibrary.release.xcconfig"; sourceTree = "<group>"; };
		D11D53AA28CD56B1009162B1 /* DLibrary.app */ = {isa = PBXFileReference; explicitFileType = wrapper.application; includeInIndex = 0; path = DLibrary.app; sourceTree = BUILT_PRODUCTS_DIR; };
		D11D53AD28CD56B1009162B1 /* AppDelegate.swift */ = {isa = PBXFileReference; lastKnownFileType = sourcecode.swift; path = AppDelegate.swift; sourceTree = "<group>"; };
		D11D53AF28CD56B1009162B1 /* SceneDelegate.swift */ = {isa = PBXFileReference; lastKnownFileType = sourcecode.swift; path = SceneDelegate.swift; sourceTree = "<group>"; };
		D11D53B128CD56B1009162B1 /* HomeViewController.swift */ = {isa = PBXFileReference; lastKnownFileType = sourcecode.swift; path = HomeViewController.swift; sourceTree = "<group>"; };
		D11D53B428CD56B1009162B1 /* Base */ = {isa = PBXFileReference; lastKnownFileType = file.storyboard; name = Base; path = Base.lproj/Main.storyboard; sourceTree = "<group>"; };
		D11D53B728CD56B1009162B1 /* DLibrary.xcdatamodel */ = {isa = PBXFileReference; lastKnownFileType = wrapper.xcdatamodel; path = DLibrary.xcdatamodel; sourceTree = "<group>"; };
		D11D53B928CD56B8009162B1 /* Assets.xcassets */ = {isa = PBXFileReference; lastKnownFileType = folder.assetcatalog; path = Assets.xcassets; sourceTree = "<group>"; };
		D11D53BC28CD56B8009162B1 /* Base */ = {isa = PBXFileReference; lastKnownFileType = file.storyboard; name = Base; path = Base.lproj/LaunchScreen.storyboard; sourceTree = "<group>"; };
		D11D53BE28CD56B8009162B1 /* Info.plist */ = {isa = PBXFileReference; lastKnownFileType = text.plist.xml; path = Info.plist; sourceTree = "<group>"; };
		D11D53C328CD56B9009162B1 /* DLibraryTests.xctest */ = {isa = PBXFileReference; explicitFileType = wrapper.cfbundle; includeInIndex = 0; path = DLibraryTests.xctest; sourceTree = BUILT_PRODUCTS_DIR; };
		D11D53C728CD56B9009162B1 /* DLibraryTests.swift */ = {isa = PBXFileReference; lastKnownFileType = sourcecode.swift; path = DLibraryTests.swift; sourceTree = "<group>"; };
		D11D53CD28CD56B9009162B1 /* DLibraryUITests.xctest */ = {isa = PBXFileReference; explicitFileType = wrapper.cfbundle; includeInIndex = 0; path = DLibraryUITests.xctest; sourceTree = BUILT_PRODUCTS_DIR; };
		D11D53D128CD56B9009162B1 /* DLibraryUITests.swift */ = {isa = PBXFileReference; lastKnownFileType = sourcecode.swift; path = DLibraryUITests.swift; sourceTree = "<group>"; };
		D11D53D328CD56B9009162B1 /* DLibraryUITestsLaunchTests.swift */ = {isa = PBXFileReference; lastKnownFileType = sourcecode.swift; path = DLibraryUITestsLaunchTests.swift; sourceTree = "<group>"; };
		D11D53E528CD6212009162B1 /* UICornerableView.swift */ = {isa = PBXFileReference; lastKnownFileType = sourcecode.swift; path = UICornerableView.swift; sourceTree = "<group>"; };
		D13D2BDC28DF387F00EBE03F /* UICornerableButton.swift */ = {isa = PBXFileReference; lastKnownFileType = sourcecode.swift; path = UICornerableButton.swift; sourceTree = "<group>"; };
		D15AE3EA28DF6913006FC18B /* SearchBooksViewController.swift */ = {isa = PBXFileReference; lastKnownFileType = sourcecode.swift; path = SearchBooksViewController.swift; sourceTree = "<group>"; };
		D15AE3EC28DF76E0006FC18B /* GoogleBooksProvider.swift */ = {isa = PBXFileReference; lastKnownFileType = sourcecode.swift; path = GoogleBooksProvider.swift; sourceTree = "<group>"; };
		D15AE3EE28DF9285006FC18B /* Book.swift */ = {isa = PBXFileReference; lastKnownFileType = sourcecode.swift; path = Book.swift; sourceTree = "<group>"; };
		D15AE3F128E145B8006FC18B /* SearchBooksTableViewCell.swift */ = {isa = PBXFileReference; lastKnownFileType = sourcecode.swift; path = SearchBooksTableViewCell.swift; sourceTree = "<group>"; };
		D1830D6A28EA39BC00AD692E /* RegisterViewController.swift */ = {isa = PBXFileReference; lastKnownFileType = sourcecode.swift; path = RegisterViewController.swift; sourceTree = "<group>"; };
		D190649E2903C742000EB540 /* DropDown.swift */ = {isa = PBXFileReference; lastKnownFileType = sourcecode.swift; path = DropDown.swift; sourceTree = "<group>"; };
		D197C89E28F7AFB7008D7A42 /* MyBooksViewController.swift */ = {isa = PBXFileReference; lastKnownFileType = sourcecode.swift; path = MyBooksViewController.swift; sourceTree = "<group>"; };
		D197C8A028F7B00D008D7A42 /* RegisterNewBookViewController.swift */ = {isa = PBXFileReference; lastKnownFileType = sourcecode.swift; path = RegisterNewBookViewController.swift; sourceTree = "<group>"; };
		D1A4561528FBD7060036D37E /* DataSnapshotExtension.swift */ = {isa = PBXFileReference; lastKnownFileType = sourcecode.swift; path = DataSnapshotExtension.swift; sourceTree = "<group>"; };
		D1C0868628F28C12005CBF92 /* DLibraryManager.swift */ = {isa = PBXFileReference; lastKnownFileType = sourcecode.swift; path = DLibraryManager.swift; sourceTree = "<group>"; };
		D1DA66FC28E907280096E6DF /* UICornerableTextView.swift */ = {isa = PBXFileReference; lastKnownFileType = sourcecode.swift; path = UICornerableTextView.swift; sourceTree = "<group>"; };
		D1DA66FE28E90EA20096E6DF /* DescriptionBookViewController.swift */ = {isa = PBXFileReference; lastKnownFileType = sourcecode.swift; path = DescriptionBookViewController.swift; sourceTree = "<group>"; };
		D1DA670228EA14330096E6DF /* GoogleService-Info.plist */ = {isa = PBXFileReference; fileEncoding = 4; lastKnownFileType = text.plist.xml; path = "GoogleService-Info.plist"; sourceTree = "<group>"; };
		D1DA671D28EA2E660096E6DF /* LoginViewController.swift */ = {isa = PBXFileReference; lastKnownFileType = sourcecode.swift; path = LoginViewController.swift; sourceTree = "<group>"; };
		D80916D79ACD9C8974CB45B4 /* Pods-DLibrary-DLibraryUITests.release.xcconfig */ = {isa = PBXFileReference; includeInIndex = 1; lastKnownFileType = text.xcconfig; name = "Pods-DLibrary-DLibraryUITests.release.xcconfig"; path = "Target Support Files/Pods-DLibrary-DLibraryUITests/Pods-DLibrary-DLibraryUITests.release.xcconfig"; sourceTree = "<group>"; };
		DD814CBCFB89386B43B311FD /* Pods_DLibrary.framework */ = {isa = PBXFileReference; explicitFileType = wrapper.framework; includeInIndex = 0; path = Pods_DLibrary.framework; sourceTree = BUILT_PRODUCTS_DIR; };
		DF5BBD00E21FCA730AB493C6 /* Pods-DLibraryTests.debug.xcconfig */ = {isa = PBXFileReference; includeInIndex = 1; lastKnownFileType = text.xcconfig; name = "Pods-DLibraryTests.debug.xcconfig"; path = "Target Support Files/Pods-DLibraryTests/Pods-DLibraryTests.debug.xcconfig"; sourceTree = "<group>"; };
		FB8E587552EAA3FFB3772E1D /* Pods_DLibrary_DLibraryUITests.framework */ = {isa = PBXFileReference; explicitFileType = wrapper.framework; includeInIndex = 0; path = Pods_DLibrary_DLibraryUITests.framework; sourceTree = BUILT_PRODUCTS_DIR; };
/* End PBXFileReference section */

/* Begin PBXFrameworksBuildPhase section */
		D11D53A728CD56B1009162B1 /* Frameworks */ = {
			isa = PBXFrameworksBuildPhase;
			buildActionMask = 2147483647;
			files = (
				D1DA671828EA21770096E6DF /* FirebaseDatabaseSwift in Frameworks */,
				D1DA671C28EA21770096E6DF /* FirebaseStorageCombine-Community in Frameworks */,
				D111DF7D28E1520700AFD8AE /* AlamofireImage in Frameworks */,
				D190649D2903C5CC000EB540 /* iOSDropDown in Frameworks */,
				D1DA671428EA21770096E6DF /* FirebaseAuthCombine-Community in Frameworks */,
				D1DA671628EA21770096E6DF /* FirebaseDatabase in Frameworks */,
				D1DA671228EA21770096E6DF /* FirebaseAuth in Frameworks */,
				D1DA671A28EA21770096E6DF /* FirebaseStorage in Frameworks */,
				0B6986B070F524F029D06BBC /* Pods_DLibrary.framework in Frameworks */,
			);
			runOnlyForDeploymentPostprocessing = 0;
		};
		D11D53C028CD56B9009162B1 /* Frameworks */ = {
			isa = PBXFrameworksBuildPhase;
			buildActionMask = 2147483647;
			files = (
				4BDF6FE9FF5B74BE56098678 /* Pods_DLibraryTests.framework in Frameworks */,
			);
			runOnlyForDeploymentPostprocessing = 0;
		};
		D11D53CA28CD56B9009162B1 /* Frameworks */ = {
			isa = PBXFrameworksBuildPhase;
			buildActionMask = 2147483647;
			files = (
				49F0AD016F6E0DC847400E65 /* Pods_DLibrary_DLibraryUITests.framework in Frameworks */,
			);
			runOnlyForDeploymentPostprocessing = 0;
		};
/* End PBXFrameworksBuildPhase section */

/* Begin PBXGroup section */
		4930D4AA544EF14A73BD0878 /* Frameworks */ = {
			isa = PBXGroup;
			children = (
				DD814CBCFB89386B43B311FD /* Pods_DLibrary.framework */,
				FB8E587552EAA3FFB3772E1D /* Pods_DLibrary_DLibraryUITests.framework */,
				13F4BBAF6992B5EA275D6634 /* Pods_DLibraryTests.framework */,
			);
			name = Frameworks;
			sourceTree = "<group>";
		};
		7B49583588852FAC5CB6693F /* Pods */ = {
			isa = PBXGroup;
			children = (
				C5E8308A6FE4C20CB2B6D075 /* Pods-DLibrary.debug.xcconfig */,
				CE03B72B0ABA42E54FBC3F56 /* Pods-DLibrary.release.xcconfig */,
				A44F3A76690693703774275E /* Pods-DLibrary-DLibraryUITests.debug.xcconfig */,
				D80916D79ACD9C8974CB45B4 /* Pods-DLibrary-DLibraryUITests.release.xcconfig */,
				DF5BBD00E21FCA730AB493C6 /* Pods-DLibraryTests.debug.xcconfig */,
				2B01E8B0F709B1DD20B4F470 /* Pods-DLibraryTests.release.xcconfig */,
			);
			path = Pods;
			sourceTree = "<group>";
		};
		D11D53A128CD56B1009162B1 = {
			isa = PBXGroup;
			children = (
				D11D53AC28CD56B1009162B1 /* DLibrary */,
				D11D53C628CD56B9009162B1 /* DLibraryTests */,
				D11D53D028CD56B9009162B1 /* DLibraryUITests */,
				D11D53AB28CD56B1009162B1 /* Products */,
				7B49583588852FAC5CB6693F /* Pods */,
				4930D4AA544EF14A73BD0878 /* Frameworks */,
			);
			sourceTree = "<group>";
		};
		D11D53AB28CD56B1009162B1 /* Products */ = {
			isa = PBXGroup;
			children = (
				D11D53AA28CD56B1009162B1 /* DLibrary.app */,
				D11D53C328CD56B9009162B1 /* DLibraryTests.xctest */,
				D11D53CD28CD56B9009162B1 /* DLibraryUITests.xctest */,
			);
			name = Products;
			sourceTree = "<group>";
		};
		D11D53AC28CD56B1009162B1 /* DLibrary */ = {
			isa = PBXGroup;
			children = (
				D1DA670228EA14330096E6DF /* GoogleService-Info.plist */,
				D11D53BE28CD56B8009162B1 /* Info.plist */,
				D1C0868528F28BED005CBF92 /* Manager */,
				D13D2BDB28DF347200EBE03F /* Provider */,
				D11D53E328CD5A3C009162B1 /* Resources */,
				D11D53E228CD5A29009162B1 /* Model */,
				D11D53E128CD5A23009162B1 /* View */,
				D11D53E028CD5A1A009162B1 /* Controller */,
			);
			path = DLibrary;
			sourceTree = "<group>";
		};
		D11D53C628CD56B9009162B1 /* DLibraryTests */ = {
			isa = PBXGroup;
			children = (
				D11D53C728CD56B9009162B1 /* DLibraryTests.swift */,
			);
			path = DLibraryTests;
			sourceTree = "<group>";
		};
		D11D53D028CD56B9009162B1 /* DLibraryUITests */ = {
			isa = PBXGroup;
			children = (
				D11D53D128CD56B9009162B1 /* DLibraryUITests.swift */,
				D11D53D328CD56B9009162B1 /* DLibraryUITestsLaunchTests.swift */,
			);
			path = DLibraryUITests;
			sourceTree = "<group>";
		};
		D11D53E028CD5A1A009162B1 /* Controller */ = {
			isa = PBXGroup;
			children = (
				D15AE3F028E14432006FC18B /* Cells */,
				D11D53AF28CD56B1009162B1 /* SceneDelegate.swift */,
				D11D53AD28CD56B1009162B1 /* AppDelegate.swift */,
				D11D53B128CD56B1009162B1 /* HomeViewController.swift */,
				D15AE3EA28DF6913006FC18B /* SearchBooksViewController.swift */,
				D1DA66FE28E90EA20096E6DF /* DescriptionBookViewController.swift */,
				D1DA671D28EA2E660096E6DF /* LoginViewController.swift */,
				D1830D6A28EA39BC00AD692E /* RegisterViewController.swift */,
				D197C89E28F7AFB7008D7A42 /* MyBooksViewController.swift */,
				D197C8A028F7B00D008D7A42 /* RegisterNewBookViewController.swift */,
			);
			path = Controller;
			sourceTree = "<group>";
		};
		D11D53E128CD5A23009162B1 /* View */ = {
			isa = PBXGroup;
			children = (
				D11D53E428CD61EC009162B1 /* UIExtensions */,
				D11D53BB28CD56B8009162B1 /* LaunchScreen.storyboard */,
				D11D53B328CD56B1009162B1 /* Main.storyboard */,
			);
			path = View;
			sourceTree = "<group>";
		};
		D11D53E228CD5A29009162B1 /* Model */ = {
			isa = PBXGroup;
			children = (
				D15AE3EE28DF9285006FC18B /* Book.swift */,
			);
			path = Model;
			sourceTree = "<group>";
		};
		D11D53E328CD5A3C009162B1 /* Resources */ = {
			isa = PBXGroup;
			children = (
				D11D53B628CD56B1009162B1 /* DLibrary.xcdatamodeld */,
				D11D53B928CD56B8009162B1 /* Assets.xcassets */,
			);
			path = Resources;
			sourceTree = "<group>";
		};
		D11D53E428CD61EC009162B1 /* UIExtensions */ = {
			isa = PBXGroup;
			children = (
				D11D53E528CD6212009162B1 /* UICornerableView.swift */,
				D13D2BDC28DF387F00EBE03F /* UICornerableButton.swift */,
				D1DA66FC28E907280096E6DF /* UICornerableTextView.swift */,
				D190649E2903C742000EB540 /* DropDown.swift */,
			);
			path = UIExtensions;
			sourceTree = "<group>";
		};
		D13D2BDB28DF347200EBE03F /* Provider */ = {
			isa = PBXGroup;
			children = (
				D15AE3EC28DF76E0006FC18B /* GoogleBooksProvider.swift */,
			);
			path = Provider;
			sourceTree = "<group>";
		};
		D15AE3F028E14432006FC18B /* Cells */ = {
			isa = PBXGroup;
			children = (
				D15AE3F128E145B8006FC18B /* SearchBooksTableViewCell.swift */,
			);
			path = Cells;
			sourceTree = "<group>";
		};
		D1A4561428FBD6EF0036D37E /* Extensions */ = {
			isa = PBXGroup;
			children = (
				D1A4561528FBD7060036D37E /* DataSnapshotExtension.swift */,
			);
			path = Extensions;
			sourceTree = "<group>";
		};
		D1C0868528F28BED005CBF92 /* Manager */ = {
			isa = PBXGroup;
			children = (
				D1A4561428FBD6EF0036D37E /* Extensions */,
				D1C0868628F28C12005CBF92 /* DLibraryManager.swift */,
			);
			path = Manager;
			sourceTree = "<group>";
		};
/* End PBXGroup section */

/* Begin PBXNativeTarget section */
		D11D53A928CD56B1009162B1 /* DLibrary */ = {
			isa = PBXNativeTarget;
			buildConfigurationList = D11D53D728CD56B9009162B1 /* Build configuration list for PBXNativeTarget "DLibrary" */;
			buildPhases = (
				D0907B8C18609921E03C05BF /* [CP] Check Pods Manifest.lock */,
				D11D53A628CD56B1009162B1 /* Sources */,
				D11D53A728CD56B1009162B1 /* Frameworks */,
				D11D53A828CD56B1009162B1 /* Resources */,
				30E16CD9BA2EF9568F9EF1E0 /* [CP] Embed Pods Frameworks */,
			);
			buildRules = (
			);
			dependencies = (
			);
			name = DLibrary;
			packageProductDependencies = (
				D111DF7C28E1520700AFD8AE /* AlamofireImage */,
				D1DA671128EA21770096E6DF /* FirebaseAuth */,
				D1DA671328EA21770096E6DF /* FirebaseAuthCombine-Community */,
				D1DA671528EA21770096E6DF /* FirebaseDatabase */,
				D1DA671728EA21770096E6DF /* FirebaseDatabaseSwift */,
				D1DA671928EA21770096E6DF /* FirebaseStorage */,
				D1DA671B28EA21770096E6DF /* FirebaseStorageCombine-Community */,
				D190649C2903C5CC000EB540 /* iOSDropDown */,
			);
			productName = DLibrary;
			productReference = D11D53AA28CD56B1009162B1 /* DLibrary.app */;
			productType = "com.apple.product-type.application";
		};
		D11D53C228CD56B9009162B1 /* DLibraryTests */ = {
			isa = PBXNativeTarget;
			buildConfigurationList = D11D53DA28CD56B9009162B1 /* Build configuration list for PBXNativeTarget "DLibraryTests" */;
			buildPhases = (
				1517BFACB22DF704171B926E /* [CP] Check Pods Manifest.lock */,
				D11D53BF28CD56B9009162B1 /* Sources */,
				D11D53C028CD56B9009162B1 /* Frameworks */,
				D11D53C128CD56B9009162B1 /* Resources */,
			);
			buildRules = (
			);
			dependencies = (
				D11D53C528CD56B9009162B1 /* PBXTargetDependency */,
			);
			name = DLibraryTests;
			productName = DLibraryTests;
			productReference = D11D53C328CD56B9009162B1 /* DLibraryTests.xctest */;
			productType = "com.apple.product-type.bundle.unit-test";
		};
		D11D53CC28CD56B9009162B1 /* DLibraryUITests */ = {
			isa = PBXNativeTarget;
			buildConfigurationList = D11D53DD28CD56B9009162B1 /* Build configuration list for PBXNativeTarget "DLibraryUITests" */;
			buildPhases = (
				05EDF20A1892FD3F1C3B6E9F /* [CP] Check Pods Manifest.lock */,
				D11D53C928CD56B9009162B1 /* Sources */,
				D11D53CA28CD56B9009162B1 /* Frameworks */,
				D11D53CB28CD56B9009162B1 /* Resources */,
				BE5BB8CDB8857FB58694ED66 /* [CP] Embed Pods Frameworks */,
			);
			buildRules = (
			);
			dependencies = (
				D11D53CF28CD56B9009162B1 /* PBXTargetDependency */,
			);
			name = DLibraryUITests;
			productName = DLibraryUITests;
			productReference = D11D53CD28CD56B9009162B1 /* DLibraryUITests.xctest */;
			productType = "com.apple.product-type.bundle.ui-testing";
		};
/* End PBXNativeTarget section */

/* Begin PBXProject section */
		D11D53A228CD56B1009162B1 /* Project object */ = {
			isa = PBXProject;
			attributes = {
				BuildIndependentTargetsInParallel = 1;
				LastSwiftUpdateCheck = 1340;
				LastUpgradeCheck = 1340;
				TargetAttributes = {
					D11D53A928CD56B1009162B1 = {
						CreatedOnToolsVersion = 13.4.1;
					};
					D11D53C228CD56B9009162B1 = {
						CreatedOnToolsVersion = 13.4.1;
						TestTargetID = D11D53A928CD56B1009162B1;
					};
					D11D53CC28CD56B9009162B1 = {
						CreatedOnToolsVersion = 13.4.1;
						TestTargetID = D11D53A928CD56B1009162B1;
					};
				};
			};
			buildConfigurationList = D11D53A528CD56B1009162B1 /* Build configuration list for PBXProject "DLibrary" */;
			compatibilityVersion = "Xcode 13.0";
			developmentRegion = en;
			hasScannedForEncodings = 0;
			knownRegions = (
				en,
				Base,
			);
			mainGroup = D11D53A128CD56B1009162B1;
			packageReferences = (
				D111DF7B28E1520600AFD8AE /* XCRemoteSwiftPackageReference "AlamofireImage" */,
				D1DA671028EA21760096E6DF /* XCRemoteSwiftPackageReference "firebase-ios-sdk" */,
				D190649B2903C5CB000EB540 /* XCRemoteSwiftPackageReference "iOSDropDown" */,
			);
			productRefGroup = D11D53AB28CD56B1009162B1 /* Products */;
			projectDirPath = "";
			projectRoot = "";
			targets = (
				D11D53A928CD56B1009162B1 /* DLibrary */,
				D11D53C228CD56B9009162B1 /* DLibraryTests */,
				D11D53CC28CD56B9009162B1 /* DLibraryUITests */,
			);
		};
/* End PBXProject section */

/* Begin PBXResourcesBuildPhase section */
		D11D53A828CD56B1009162B1 /* Resources */ = {
			isa = PBXResourcesBuildPhase;
			buildActionMask = 2147483647;
			files = (
				D11D53BD28CD56B8009162B1 /* LaunchScreen.storyboard in Resources */,
				D1DA670328EA14330096E6DF /* GoogleService-Info.plist in Resources */,
				D11D53BA28CD56B8009162B1 /* Assets.xcassets in Resources */,
				D11D53B528CD56B1009162B1 /* Main.storyboard in Resources */,
			);
			runOnlyForDeploymentPostprocessing = 0;
		};
		D11D53C128CD56B9009162B1 /* Resources */ = {
			isa = PBXResourcesBuildPhase;
			buildActionMask = 2147483647;
			files = (
			);
			runOnlyForDeploymentPostprocessing = 0;
		};
		D11D53CB28CD56B9009162B1 /* Resources */ = {
			isa = PBXResourcesBuildPhase;
			buildActionMask = 2147483647;
			files = (
			);
			runOnlyForDeploymentPostprocessing = 0;
		};
/* End PBXResourcesBuildPhase section */

/* Begin PBXShellScriptBuildPhase section */
		05EDF20A1892FD3F1C3B6E9F /* [CP] Check Pods Manifest.lock */ = {
			isa = PBXShellScriptBuildPhase;
			buildActionMask = 2147483647;
			files = (
			);
			inputFileListPaths = (
			);
			inputPaths = (
				"${PODS_PODFILE_DIR_PATH}/Podfile.lock",
				"${PODS_ROOT}/Manifest.lock",
			);
			name = "[CP] Check Pods Manifest.lock";
			outputFileListPaths = (
			);
			outputPaths = (
				"$(DERIVED_FILE_DIR)/Pods-DLibrary-DLibraryUITests-checkManifestLockResult.txt",
			);
			runOnlyForDeploymentPostprocessing = 0;
			shellPath = /bin/sh;
			shellScript = "diff \"${PODS_PODFILE_DIR_PATH}/Podfile.lock\" \"${PODS_ROOT}/Manifest.lock\" > /dev/null\nif [ $? != 0 ] ; then\n    # print error to STDERR\n    echo \"error: The sandbox is not in sync with the Podfile.lock. Run 'pod install' or update your CocoaPods installation.\" >&2\n    exit 1\nfi\n# This output is used by Xcode 'outputs' to avoid re-running this script phase.\necho \"SUCCESS\" > \"${SCRIPT_OUTPUT_FILE_0}\"\n";
			showEnvVarsInLog = 0;
		};
		1517BFACB22DF704171B926E /* [CP] Check Pods Manifest.lock */ = {
			isa = PBXShellScriptBuildPhase;
			buildActionMask = 2147483647;
			files = (
			);
			inputFileListPaths = (
			);
			inputPaths = (
				"${PODS_PODFILE_DIR_PATH}/Podfile.lock",
				"${PODS_ROOT}/Manifest.lock",
			);
			name = "[CP] Check Pods Manifest.lock";
			outputFileListPaths = (
			);
			outputPaths = (
				"$(DERIVED_FILE_DIR)/Pods-DLibraryTests-checkManifestLockResult.txt",
			);
			runOnlyForDeploymentPostprocessing = 0;
			shellPath = /bin/sh;
			shellScript = "diff \"${PODS_PODFILE_DIR_PATH}/Podfile.lock\" \"${PODS_ROOT}/Manifest.lock\" > /dev/null\nif [ $? != 0 ] ; then\n    # print error to STDERR\n    echo \"error: The sandbox is not in sync with the Podfile.lock. Run 'pod install' or update your CocoaPods installation.\" >&2\n    exit 1\nfi\n# This output is used by Xcode 'outputs' to avoid re-running this script phase.\necho \"SUCCESS\" > \"${SCRIPT_OUTPUT_FILE_0}\"\n";
			showEnvVarsInLog = 0;
		};
		30E16CD9BA2EF9568F9EF1E0 /* [CP] Embed Pods Frameworks */ = {
			isa = PBXShellScriptBuildPhase;
			buildActionMask = 2147483647;
			files = (
			);
			inputFileListPaths = (
				"${PODS_ROOT}/Target Support Files/Pods-DLibrary/Pods-DLibrary-frameworks-${CONFIGURATION}-input-files.xcfilelist",
			);
			name = "[CP] Embed Pods Frameworks";
			outputFileListPaths = (
				"${PODS_ROOT}/Target Support Files/Pods-DLibrary/Pods-DLibrary-frameworks-${CONFIGURATION}-output-files.xcfilelist",
			);
			runOnlyForDeploymentPostprocessing = 0;
			shellPath = /bin/sh;
			shellScript = "\"${PODS_ROOT}/Target Support Files/Pods-DLibrary/Pods-DLibrary-frameworks.sh\"\n";
			showEnvVarsInLog = 0;
		};
		BE5BB8CDB8857FB58694ED66 /* [CP] Embed Pods Frameworks */ = {
			isa = PBXShellScriptBuildPhase;
			buildActionMask = 2147483647;
			files = (
			);
			inputFileListPaths = (
				"${PODS_ROOT}/Target Support Files/Pods-DLibrary-DLibraryUITests/Pods-DLibrary-DLibraryUITests-frameworks-${CONFIGURATION}-input-files.xcfilelist",
			);
			name = "[CP] Embed Pods Frameworks";
			outputFileListPaths = (
				"${PODS_ROOT}/Target Support Files/Pods-DLibrary-DLibraryUITests/Pods-DLibrary-DLibraryUITests-frameworks-${CONFIGURATION}-output-files.xcfilelist",
			);
			runOnlyForDeploymentPostprocessing = 0;
			shellPath = /bin/sh;
			shellScript = "\"${PODS_ROOT}/Target Support Files/Pods-DLibrary-DLibraryUITests/Pods-DLibrary-DLibraryUITests-frameworks.sh\"\n";
			showEnvVarsInLog = 0;
		};
		D0907B8C18609921E03C05BF /* [CP] Check Pods Manifest.lock */ = {
			isa = PBXShellScriptBuildPhase;
			buildActionMask = 2147483647;
			files = (
			);
			inputFileListPaths = (
			);
			inputPaths = (
				"${PODS_PODFILE_DIR_PATH}/Podfile.lock",
				"${PODS_ROOT}/Manifest.lock",
			);
			name = "[CP] Check Pods Manifest.lock";
			outputFileListPaths = (
			);
			outputPaths = (
				"$(DERIVED_FILE_DIR)/Pods-DLibrary-checkManifestLockResult.txt",
			);
			runOnlyForDeploymentPostprocessing = 0;
			shellPath = /bin/sh;
			shellScript = "diff \"${PODS_PODFILE_DIR_PATH}/Podfile.lock\" \"${PODS_ROOT}/Manifest.lock\" > /dev/null\nif [ $? != 0 ] ; then\n    # print error to STDERR\n    echo \"error: The sandbox is not in sync with the Podfile.lock. Run 'pod install' or update your CocoaPods installation.\" >&2\n    exit 1\nfi\n# This output is used by Xcode 'outputs' to avoid re-running this script phase.\necho \"SUCCESS\" > \"${SCRIPT_OUTPUT_FILE_0}\"\n";
			showEnvVarsInLog = 0;
		};
/* End PBXShellScriptBuildPhase section */

/* Begin PBXSourcesBuildPhase section */
		D11D53A628CD56B1009162B1 /* Sources */ = {
			isa = PBXSourcesBuildPhase;
			buildActionMask = 2147483647;
			files = (
				D1C0868728F28C12005CBF92 /* DLibraryManager.swift in Sources */,
				D1DA66FF28E90EA20096E6DF /* DescriptionBookViewController.swift in Sources */,
				D1DA66FD28E907280096E6DF /* UICornerableTextView.swift in Sources */,
				D11D53B228CD56B1009162B1 /* HomeViewController.swift in Sources */,
				D11D53E628CD6212009162B1 /* UICornerableView.swift in Sources */,
				D15AE3F228E145B8006FC18B /* SearchBooksTableViewCell.swift in Sources */,
				D15AE3ED28DF76E1006FC18B /* GoogleBooksProvider.swift in Sources */,
				D1A4561628FBD7060036D37E /* DataSnapshotExtension.swift in Sources */,
				D13D2BDD28DF387F00EBE03F /* UICornerableButton.swift in Sources */,
				D11D53AE28CD56B1009162B1 /* AppDelegate.swift in Sources */,
				D197C89F28F7AFB7008D7A42 /* MyBooksViewController.swift in Sources */,
				D15AE3EF28DF9285006FC18B /* Book.swift in Sources */,
				D1830D6B28EA39BC00AD692E /* RegisterViewController.swift in Sources */,
				D11D53B828CD56B1009162B1 /* DLibrary.xcdatamodeld in Sources */,
				D11D53B028CD56B1009162B1 /* SceneDelegate.swift in Sources */,
				D197C8A128F7B00D008D7A42 /* RegisterNewBookViewController.swift in Sources */,
				D1DA671E28EA2E670096E6DF /* LoginViewController.swift in Sources */,
				D190649F2903C742000EB540 /* DropDown.swift in Sources */,
				D15AE3EB28DF6913006FC18B /* SearchBooksViewController.swift in Sources */,
			);
			runOnlyForDeploymentPostprocessing = 0;
		};
		D11D53BF28CD56B9009162B1 /* Sources */ = {
			isa = PBXSourcesBuildPhase;
			buildActionMask = 2147483647;
			files = (
				D11D53C828CD56B9009162B1 /* DLibraryTests.swift in Sources */,
			);
			runOnlyForDeploymentPostprocessing = 0;
		};
		D11D53C928CD56B9009162B1 /* Sources */ = {
			isa = PBXSourcesBuildPhase;
			buildActionMask = 2147483647;
			files = (
				D11D53D428CD56B9009162B1 /* DLibraryUITestsLaunchTests.swift in Sources */,
				D11D53D228CD56B9009162B1 /* DLibraryUITests.swift in Sources */,
			);
			runOnlyForDeploymentPostprocessing = 0;
		};
/* End PBXSourcesBuildPhase section */

/* Begin PBXTargetDependency section */
		D11D53C528CD56B9009162B1 /* PBXTargetDependency */ = {
			isa = PBXTargetDependency;
			target = D11D53A928CD56B1009162B1 /* DLibrary */;
			targetProxy = D11D53C428CD56B9009162B1 /* PBXContainerItemProxy */;
		};
		D11D53CF28CD56B9009162B1 /* PBXTargetDependency */ = {
			isa = PBXTargetDependency;
			target = D11D53A928CD56B1009162B1 /* DLibrary */;
			targetProxy = D11D53CE28CD56B9009162B1 /* PBXContainerItemProxy */;
		};
/* End PBXTargetDependency section */

/* Begin PBXVariantGroup section */
		D11D53B328CD56B1009162B1 /* Main.storyboard */ = {
			isa = PBXVariantGroup;
			children = (
				D11D53B428CD56B1009162B1 /* Base */,
			);
			name = Main.storyboard;
			sourceTree = "<group>";
		};
		D11D53BB28CD56B8009162B1 /* LaunchScreen.storyboard */ = {
			isa = PBXVariantGroup;
			children = (
				D11D53BC28CD56B8009162B1 /* Base */,
			);
			name = LaunchScreen.storyboard;
			sourceTree = "<group>";
		};
/* End PBXVariantGroup section */

/* Begin XCBuildConfiguration section */
		D11D53D528CD56B9009162B1 /* Debug */ = {
			isa = XCBuildConfiguration;
			buildSettings = {
				ALWAYS_SEARCH_USER_PATHS = NO;
				CLANG_ANALYZER_NONNULL = YES;
				CLANG_ANALYZER_NUMBER_OBJECT_CONVERSION = YES_AGGRESSIVE;
				CLANG_CXX_LANGUAGE_STANDARD = "gnu++17";
				CLANG_ENABLE_MODULES = YES;
				CLANG_ENABLE_OBJC_ARC = YES;
				CLANG_ENABLE_OBJC_WEAK = YES;
				CLANG_WARN_BLOCK_CAPTURE_AUTORELEASING = YES;
				CLANG_WARN_BOOL_CONVERSION = YES;
				CLANG_WARN_COMMA = YES;
				CLANG_WARN_CONSTANT_CONVERSION = YES;
				CLANG_WARN_DEPRECATED_OBJC_IMPLEMENTATIONS = YES;
				CLANG_WARN_DIRECT_OBJC_ISA_USAGE = YES_ERROR;
				CLANG_WARN_DOCUMENTATION_COMMENTS = YES;
				CLANG_WARN_EMPTY_BODY = YES;
				CLANG_WARN_ENUM_CONVERSION = YES;
				CLANG_WARN_INFINITE_RECURSION = YES;
				CLANG_WARN_INT_CONVERSION = YES;
				CLANG_WARN_NON_LITERAL_NULL_CONVERSION = YES;
				CLANG_WARN_OBJC_IMPLICIT_RETAIN_SELF = YES;
				CLANG_WARN_OBJC_LITERAL_CONVERSION = YES;
				CLANG_WARN_OBJC_ROOT_CLASS = YES_ERROR;
				CLANG_WARN_QUOTED_INCLUDE_IN_FRAMEWORK_HEADER = YES;
				CLANG_WARN_RANGE_LOOP_ANALYSIS = YES;
				CLANG_WARN_STRICT_PROTOTYPES = YES;
				CLANG_WARN_SUSPICIOUS_MOVE = YES;
				CLANG_WARN_UNGUARDED_AVAILABILITY = YES_AGGRESSIVE;
				CLANG_WARN_UNREACHABLE_CODE = YES;
				CLANG_WARN__DUPLICATE_METHOD_MATCH = YES;
				COPY_PHASE_STRIP = NO;
				DEBUG_INFORMATION_FORMAT = dwarf;
				ENABLE_STRICT_OBJC_MSGSEND = YES;
				ENABLE_TESTABILITY = YES;
				GCC_C_LANGUAGE_STANDARD = gnu11;
				GCC_DYNAMIC_NO_PIC = NO;
				GCC_NO_COMMON_BLOCKS = YES;
				GCC_OPTIMIZATION_LEVEL = 0;
				GCC_PREPROCESSOR_DEFINITIONS = (
					"DEBUG=1",
					"$(inherited)",
				);
				GCC_WARN_64_TO_32_BIT_CONVERSION = YES;
				GCC_WARN_ABOUT_RETURN_TYPE = YES_ERROR;
				GCC_WARN_UNDECLARED_SELECTOR = YES;
				GCC_WARN_UNINITIALIZED_AUTOS = YES_AGGRESSIVE;
				GCC_WARN_UNUSED_FUNCTION = YES;
				GCC_WARN_UNUSED_VARIABLE = YES;
				IPHONEOS_DEPLOYMENT_TARGET = 15.5;
				MTL_ENABLE_DEBUG_INFO = INCLUDE_SOURCE;
				MTL_FAST_MATH = YES;
				ONLY_ACTIVE_ARCH = YES;
				SDKROOT = iphoneos;
				SWIFT_ACTIVE_COMPILATION_CONDITIONS = DEBUG;
				SWIFT_OPTIMIZATION_LEVEL = "-Onone";
			};
			name = Debug;
		};
		D11D53D628CD56B9009162B1 /* Release */ = {
			isa = XCBuildConfiguration;
			buildSettings = {
				ALWAYS_SEARCH_USER_PATHS = NO;
				CLANG_ANALYZER_NONNULL = YES;
				CLANG_ANALYZER_NUMBER_OBJECT_CONVERSION = YES_AGGRESSIVE;
				CLANG_CXX_LANGUAGE_STANDARD = "gnu++17";
				CLANG_ENABLE_MODULES = YES;
				CLANG_ENABLE_OBJC_ARC = YES;
				CLANG_ENABLE_OBJC_WEAK = YES;
				CLANG_WARN_BLOCK_CAPTURE_AUTORELEASING = YES;
				CLANG_WARN_BOOL_CONVERSION = YES;
				CLANG_WARN_COMMA = YES;
				CLANG_WARN_CONSTANT_CONVERSION = YES;
				CLANG_WARN_DEPRECATED_OBJC_IMPLEMENTATIONS = YES;
				CLANG_WARN_DIRECT_OBJC_ISA_USAGE = YES_ERROR;
				CLANG_WARN_DOCUMENTATION_COMMENTS = YES;
				CLANG_WARN_EMPTY_BODY = YES;
				CLANG_WARN_ENUM_CONVERSION = YES;
				CLANG_WARN_INFINITE_RECURSION = YES;
				CLANG_WARN_INT_CONVERSION = YES;
				CLANG_WARN_NON_LITERAL_NULL_CONVERSION = YES;
				CLANG_WARN_OBJC_IMPLICIT_RETAIN_SELF = YES;
				CLANG_WARN_OBJC_LITERAL_CONVERSION = YES;
				CLANG_WARN_OBJC_ROOT_CLASS = YES_ERROR;
				CLANG_WARN_QUOTED_INCLUDE_IN_FRAMEWORK_HEADER = YES;
				CLANG_WARN_RANGE_LOOP_ANALYSIS = YES;
				CLANG_WARN_STRICT_PROTOTYPES = YES;
				CLANG_WARN_SUSPICIOUS_MOVE = YES;
				CLANG_WARN_UNGUARDED_AVAILABILITY = YES_AGGRESSIVE;
				CLANG_WARN_UNREACHABLE_CODE = YES;
				CLANG_WARN__DUPLICATE_METHOD_MATCH = YES;
				COPY_PHASE_STRIP = NO;
				DEBUG_INFORMATION_FORMAT = "dwarf-with-dsym";
				ENABLE_NS_ASSERTIONS = NO;
				ENABLE_STRICT_OBJC_MSGSEND = YES;
				GCC_C_LANGUAGE_STANDARD = gnu11;
				GCC_NO_COMMON_BLOCKS = YES;
				GCC_WARN_64_TO_32_BIT_CONVERSION = YES;
				GCC_WARN_ABOUT_RETURN_TYPE = YES_ERROR;
				GCC_WARN_UNDECLARED_SELECTOR = YES;
				GCC_WARN_UNINITIALIZED_AUTOS = YES_AGGRESSIVE;
				GCC_WARN_UNUSED_FUNCTION = YES;
				GCC_WARN_UNUSED_VARIABLE = YES;
				IPHONEOS_DEPLOYMENT_TARGET = 15.5;
				MTL_ENABLE_DEBUG_INFO = NO;
				MTL_FAST_MATH = YES;
				SDKROOT = iphoneos;
				SWIFT_COMPILATION_MODE = wholemodule;
				SWIFT_OPTIMIZATION_LEVEL = "-O";
				VALIDATE_PRODUCT = YES;
			};
			name = Release;
		};
		D11D53D828CD56B9009162B1 /* Debug */ = {
			isa = XCBuildConfiguration;
			baseConfigurationReference = C5E8308A6FE4C20CB2B6D075 /* Pods-DLibrary.debug.xcconfig */;
			buildSettings = {
				ASSETCATALOG_COMPILER_APPICON_NAME = AppIcon;
				ASSETCATALOG_COMPILER_GLOBAL_ACCENT_COLOR_NAME = AccentColor;
				CODE_SIGN_STYLE = Automatic;
				CURRENT_PROJECT_VERSION = 1;
				DEVELOPMENT_TEAM = ALRN3QRB2A;
				GENERATE_INFOPLIST_FILE = YES;
				INFOPLIST_FILE = DLibrary/Info.plist;
				INFOPLIST_KEY_UIApplicationSupportsIndirectInputEvents = YES;
				INFOPLIST_KEY_UILaunchStoryboardName = LaunchScreen;
				INFOPLIST_KEY_UIMainStoryboardFile = Main;
				INFOPLIST_KEY_UIStatusBarStyle = UIStatusBarStyleLightContent;
				INFOPLIST_KEY_UISupportedInterfaceOrientations = UIInterfaceOrientationPortrait;
				INFOPLIST_KEY_UISupportedInterfaceOrientations_iPad = "UIInterfaceOrientationLandscapeLeft UIInterfaceOrientationLandscapeRight UIInterfaceOrientationPortrait UIInterfaceOrientationPortraitUpsideDown";
				IPHONEOS_DEPLOYMENT_TARGET = 13.1;
				LD_RUNPATH_SEARCH_PATHS = (
					"$(inherited)",
					"@executable_path/Frameworks",
				);
				MARKETING_VERSION = 1.0;
				PRODUCT_BUNDLE_IDENTIFIER = DLibrary.DLibrary;
				PRODUCT_NAME = "$(TARGET_NAME)";
				SWIFT_EMIT_LOC_STRINGS = YES;
				SWIFT_VERSION = 5.0;
				TARGETED_DEVICE_FAMILY = 1;
			};
			name = Debug;
		};
		D11D53D928CD56B9009162B1 /* Release */ = {
			isa = XCBuildConfiguration;
			baseConfigurationReference = CE03B72B0ABA42E54FBC3F56 /* Pods-DLibrary.release.xcconfig */;
			buildSettings = {
				ASSETCATALOG_COMPILER_APPICON_NAME = AppIcon;
				ASSETCATALOG_COMPILER_GLOBAL_ACCENT_COLOR_NAME = AccentColor;
				CODE_SIGN_STYLE = Automatic;
				CURRENT_PROJECT_VERSION = 1;
				DEVELOPMENT_TEAM = ALRN3QRB2A;
				GENERATE_INFOPLIST_FILE = YES;
				INFOPLIST_FILE = DLibrary/Info.plist;
				INFOPLIST_KEY_UIApplicationSupportsIndirectInputEvents = YES;
				INFOPLIST_KEY_UILaunchStoryboardName = LaunchScreen;
				INFOPLIST_KEY_UIMainStoryboardFile = Main;
				INFOPLIST_KEY_UIStatusBarStyle = UIStatusBarStyleLightContent;
				INFOPLIST_KEY_UISupportedInterfaceOrientations = UIInterfaceOrientationPortrait;
				INFOPLIST_KEY_UISupportedInterfaceOrientations_iPad = "UIInterfaceOrientationLandscapeLeft UIInterfaceOrientationLandscapeRight UIInterfaceOrientationPortrait UIInterfaceOrientationPortraitUpsideDown";
				IPHONEOS_DEPLOYMENT_TARGET = 13.1;
				LD_RUNPATH_SEARCH_PATHS = (
					"$(inherited)",
					"@executable_path/Frameworks",
				);
				MARKETING_VERSION = 1.0;
				PRODUCT_BUNDLE_IDENTIFIER = DLibrary.DLibrary;
				PRODUCT_NAME = "$(TARGET_NAME)";
				SWIFT_EMIT_LOC_STRINGS = YES;
				SWIFT_VERSION = 5.0;
				TARGETED_DEVICE_FAMILY = 1;
			};
			name = Release;
		};
		D11D53DB28CD56B9009162B1 /* Debug */ = {
			isa = XCBuildConfiguration;
			baseConfigurationReference = DF5BBD00E21FCA730AB493C6 /* Pods-DLibraryTests.debug.xcconfig */;
			buildSettings = {
				ALWAYS_EMBED_SWIFT_STANDARD_LIBRARIES = YES;
				BUNDLE_LOADER = "$(TEST_HOST)";
				CODE_SIGN_STYLE = Automatic;
				CURRENT_PROJECT_VERSION = 1;
				DEVELOPMENT_TEAM = ALRN3QRB2A;
				GENERATE_INFOPLIST_FILE = YES;
				IPHONEOS_DEPLOYMENT_TARGET = 15.5;
				MARKETING_VERSION = 1.0;
				PRODUCT_BUNDLE_IDENTIFIER = DLibrary.DLibraryTests;
				PRODUCT_NAME = "$(TARGET_NAME)";
				SWIFT_EMIT_LOC_STRINGS = NO;
				SWIFT_VERSION = 5.0;
				TARGETED_DEVICE_FAMILY = "1,2";
				TEST_HOST = "$(BUILT_PRODUCTS_DIR)/DLibrary.app/DLibrary";
			};
			name = Debug;
		};
		D11D53DC28CD56B9009162B1 /* Release */ = {
			isa = XCBuildConfiguration;
			baseConfigurationReference = 2B01E8B0F709B1DD20B4F470 /* Pods-DLibraryTests.release.xcconfig */;
			buildSettings = {
				ALWAYS_EMBED_SWIFT_STANDARD_LIBRARIES = YES;
				BUNDLE_LOADER = "$(TEST_HOST)";
				CODE_SIGN_STYLE = Automatic;
				CURRENT_PROJECT_VERSION = 1;
				DEVELOPMENT_TEAM = ALRN3QRB2A;
				GENERATE_INFOPLIST_FILE = YES;
				IPHONEOS_DEPLOYMENT_TARGET = 15.5;
				MARKETING_VERSION = 1.0;
				PRODUCT_BUNDLE_IDENTIFIER = DLibrary.DLibraryTests;
				PRODUCT_NAME = "$(TARGET_NAME)";
				SWIFT_EMIT_LOC_STRINGS = NO;
				SWIFT_VERSION = 5.0;
				TARGETED_DEVICE_FAMILY = "1,2";
				TEST_HOST = "$(BUILT_PRODUCTS_DIR)/DLibrary.app/DLibrary";
			};
			name = Release;
		};
		D11D53DE28CD56B9009162B1 /* Debug */ = {
			isa = XCBuildConfiguration;
			baseConfigurationReference = A44F3A76690693703774275E /* Pods-DLibrary-DLibraryUITests.debug.xcconfig */;
			buildSettings = {
				ALWAYS_EMBED_SWIFT_STANDARD_LIBRARIES = YES;
				CODE_SIGN_STYLE = Automatic;
				CURRENT_PROJECT_VERSION = 1;
				DEVELOPMENT_TEAM = ALRN3QRB2A;
				GENERATE_INFOPLIST_FILE = YES;
				MARKETING_VERSION = 1.0;
				PRODUCT_BUNDLE_IDENTIFIER = DLibrary.DLibraryUITests;
				PRODUCT_NAME = "$(TARGET_NAME)";
				SWIFT_EMIT_LOC_STRINGS = NO;
				SWIFT_VERSION = 5.0;
				TARGETED_DEVICE_FAMILY = "1,2";
				TEST_TARGET_NAME = DLibrary;
			};
			name = Debug;
		};
		D11D53DF28CD56B9009162B1 /* Release */ = {
			isa = XCBuildConfiguration;
			baseConfigurationReference = D80916D79ACD9C8974CB45B4 /* Pods-DLibrary-DLibraryUITests.release.xcconfig */;
			buildSettings = {
				ALWAYS_EMBED_SWIFT_STANDARD_LIBRARIES = YES;
				CODE_SIGN_STYLE = Automatic;
				CURRENT_PROJECT_VERSION = 1;
				DEVELOPMENT_TEAM = ALRN3QRB2A;
				GENERATE_INFOPLIST_FILE = YES;
				MARKETING_VERSION = 1.0;
				PRODUCT_BUNDLE_IDENTIFIER = DLibrary.DLibraryUITests;
				PRODUCT_NAME = "$(TARGET_NAME)";
				SWIFT_EMIT_LOC_STRINGS = NO;
				SWIFT_VERSION = 5.0;
				TARGETED_DEVICE_FAMILY = "1,2";
				TEST_TARGET_NAME = DLibrary;
			};
			name = Release;
		};
/* End XCBuildConfiguration section */

/* Begin XCConfigurationList section */
		D11D53A528CD56B1009162B1 /* Build configuration list for PBXProject "DLibrary" */ = {
			isa = XCConfigurationList;
			buildConfigurations = (
				D11D53D528CD56B9009162B1 /* Debug */,
				D11D53D628CD56B9009162B1 /* Release */,
			);
			defaultConfigurationIsVisible = 0;
			defaultConfigurationName = Release;
		};
		D11D53D728CD56B9009162B1 /* Build configuration list for PBXNativeTarget "DLibrary" */ = {
			isa = XCConfigurationList;
			buildConfigurations = (
				D11D53D828CD56B9009162B1 /* Debug */,
				D11D53D928CD56B9009162B1 /* Release */,
			);
			defaultConfigurationIsVisible = 0;
			defaultConfigurationName = Release;
		};
		D11D53DA28CD56B9009162B1 /* Build configuration list for PBXNativeTarget "DLibraryTests" */ = {
			isa = XCConfigurationList;
			buildConfigurations = (
				D11D53DB28CD56B9009162B1 /* Debug */,
				D11D53DC28CD56B9009162B1 /* Release */,
			);
			defaultConfigurationIsVisible = 0;
			defaultConfigurationName = Release;
		};
		D11D53DD28CD56B9009162B1 /* Build configuration list for PBXNativeTarget "DLibraryUITests" */ = {
			isa = XCConfigurationList;
			buildConfigurations = (
				D11D53DE28CD56B9009162B1 /* Debug */,
				D11D53DF28CD56B9009162B1 /* Release */,
			);
			defaultConfigurationIsVisible = 0;
			defaultConfigurationName = Release;
		};
/* End XCConfigurationList section */

/* Begin XCRemoteSwiftPackageReference section */
		D111DF7B28E1520600AFD8AE /* XCRemoteSwiftPackageReference "AlamofireImage" */ = {
			isa = XCRemoteSwiftPackageReference;
			repositoryURL = "https://github.com/Alamofire/AlamofireImage.git";
			requirement = {
				kind = upToNextMajorVersion;
				minimumVersion = 4.0.0;
			};
		};
		D190649B2903C5CB000EB540 /* XCRemoteSwiftPackageReference "iOSDropDown" */ = {
			isa = XCRemoteSwiftPackageReference;
			repositoryURL = "https://github.com/jriosdev/iOSDropDown.git";
			requirement = {
				kind = upToNextMajorVersion;
				minimumVersion = 0.4.0;
			};
		};
		D1DA671028EA21760096E6DF /* XCRemoteSwiftPackageReference "firebase-ios-sdk" */ = {
			isa = XCRemoteSwiftPackageReference;
			repositoryURL = "https://github.com/firebase/firebase-ios-sdk";
			requirement = {
				kind = upToNextMajorVersion;
				minimumVersion = 9.0.0;
			};
		};
/* End XCRemoteSwiftPackageReference section */

/* Begin XCSwiftPackageProductDependency section */
		D111DF7C28E1520700AFD8AE /* AlamofireImage */ = {
			isa = XCSwiftPackageProductDependency;
			package = D111DF7B28E1520600AFD8AE /* XCRemoteSwiftPackageReference "AlamofireImage" */;
			productName = AlamofireImage;
		};
		D190649C2903C5CC000EB540 /* iOSDropDown */ = {
			isa = XCSwiftPackageProductDependency;
			package = D190649B2903C5CB000EB540 /* XCRemoteSwiftPackageReference "iOSDropDown" */;
			productName = iOSDropDown;
		};
		D1DA671128EA21770096E6DF /* FirebaseAuth */ = {
			isa = XCSwiftPackageProductDependency;
			package = D1DA671028EA21760096E6DF /* XCRemoteSwiftPackageReference "firebase-ios-sdk" */;
			productName = FirebaseAuth;
		};
		D1DA671328EA21770096E6DF /* FirebaseAuthCombine-Community */ = {
			isa = XCSwiftPackageProductDependency;
			package = D1DA671028EA21760096E6DF /* XCRemoteSwiftPackageReference "firebase-ios-sdk" */;
			productName = "FirebaseAuthCombine-Community";
		};
		D1DA671528EA21770096E6DF /* FirebaseDatabase */ = {
			isa = XCSwiftPackageProductDependency;
			package = D1DA671028EA21760096E6DF /* XCRemoteSwiftPackageReference "firebase-ios-sdk" */;
			productName = FirebaseDatabase;
		};
		D1DA671728EA21770096E6DF /* FirebaseDatabaseSwift */ = {
			isa = XCSwiftPackageProductDependency;
			package = D1DA671028EA21760096E6DF /* XCRemoteSwiftPackageReference "firebase-ios-sdk" */;
			productName = FirebaseDatabaseSwift;
		};
		D1DA671928EA21770096E6DF /* FirebaseStorage */ = {
			isa = XCSwiftPackageProductDependency;
			package = D1DA671028EA21760096E6DF /* XCRemoteSwiftPackageReference "firebase-ios-sdk" */;
			productName = FirebaseStorage;
		};
		D1DA671B28EA21770096E6DF /* FirebaseStorageCombine-Community */ = {
			isa = XCSwiftPackageProductDependency;
			package = D1DA671028EA21760096E6DF /* XCRemoteSwiftPackageReference "firebase-ios-sdk" */;
			productName = "FirebaseStorageCombine-Community";
		};
/* End XCSwiftPackageProductDependency section */

/* Begin XCVersionGroup section */
		D11D53B628CD56B1009162B1 /* DLibrary.xcdatamodeld */ = {
			isa = XCVersionGroup;
			children = (
				D11D53B728CD56B1009162B1 /* DLibrary.xcdatamodel */,
			);
			currentVersion = D11D53B728CD56B1009162B1 /* DLibrary.xcdatamodel */;
			path = DLibrary.xcdatamodeld;
			sourceTree = "<group>";
			versionGroupType = wrapper.xcdatamodel;
		};
/* End XCVersionGroup section */
	};
	rootObject = D11D53A228CD56B1009162B1 /* Project object */;
}
